
Microsoft Visual Studio Solution File, Format Version 12.00
# Visual Studio Version 17
VisualStudioVersion = 17.3.32901.215
MinimumVisualStudioVersion = 10.0.40219.1
Project("{FAE04EC0-301F-11D3-BF4B-00C04F79EFBC}") = "prueba_intento2", "prueba_intento2.csproj", "{8D34BF7A-A34B-4C80-833E-8152E1A74C33}"
EndProject
Global
	GlobalSection(SolutionConfigurationPlatforms) = preSolution
		Debug|Any CPU = Debug|Any CPU
		Release|Any CPU = Release|Any CPU
	EndGlobalSection
	GlobalSection(ProjectConfigurationPlatforms) = postSolution
		{8D34BF7A-A34B-4C80-833E-8152E1A74C33}.Debug|Any CPU.ActiveCfg = Debug|Any CPU
		{8D34BF7A-A34B-4C80-833E-8152E1A74C33}.Debug|Any CPU.Build.0 = Debug|Any CPU
		{8D34BF7A-A34B-4C80-833E-8152E1A74C33}.Release|Any CPU.ActiveCfg = Release|Any CPU
		{8D34BF7A-A34B-4C80-833E-8152E1A74C33}.Release|Any CPU.Build.0 = Release|Any CPU
	EndGlobalSection
	GlobalSection(SolutionProperties) = preSolution
		HideSolutionNode = FALSE
	EndGlobalSection
	GlobalSection(ExtensibilityGlobals) = postSolution
		SolutionGuid = {413C5D8E-4047-495C-B71E-E7C153D030DC}
	EndGlobalSection
EndGlobal
